{
  "pins" : [
    {
      "identity" : "swift-collections",
      "kind" : "remoteSourceControl",
      "location" : "https://github.com/apple/swift-collections",
      "state" : {
        "revision" : "a902f1823a7ff3c9ab2fba0f992396b948eda307",
        "version" : "1.0.5"
      }
    },
    {
      "identity" : "swift-syntax",
      "kind" : "remoteSourceControl",
      "location" : "https://github.com/apple/swift-syntax.git",
      "state" : {
        "revision" : "ffa3cd6fc2aa62adbedd31d3efaf7c0d86a9f029",
        "version" : "509.0.1"
      }
    }
  ],
  "version" : 2
}
